
Microsoft Visual Studio Solution File, Format Version 12.00
# Visual Studio Version 17
VisualStudioVersion = 17.13.35825.156
MinimumVisualStudioVersion = 10.0.40219.1
Project("{FAE04EC0-301F-11D3-BF4B-00C04F79EFBC}") = "NetFramework48Benchmark", "NetFramework48Benchmark\NetFramework48Benchmark.csproj", "{BF9831E4-E6B4-4BFE-9023-0A22FA9B24A7}"
EndProject
Project("{FAE04EC0-301F-11D3-BF4B-00C04F79EFBC}") = "Net8Benchmark", "Net8Benchmark\Net8Benchmark.csproj", "{073D7557-86A2-44B7-9EC3-C1CAFFAFB4C7}"
EndProject
Project("{FAE04EC0-301F-11D3-BF4B-00C04F79EFBC}") = "BenchmarkRunner", "BenchmarkRunner\BenchmarkRunner.csproj", "{EB3D2EE0-3897-421F-99E6-8FF6CC06B527}"
EndProject
Global
	GlobalSection(SolutionConfigurationPlatforms) = preSolution
		Debug|Any CPU = Debug|Any CPU
		Release|Any CPU = Release|Any CPU
	EndGlobalSection
	GlobalSection(ProjectConfigurationPlatforms) = postSolution
		{BF9831E4-E6B4-4BFE-9023-0A22FA9B24A7}.Debug|Any CPU.ActiveCfg = Debug|Any CPU
		{BF9831E4-E6B4-4BFE-9023-0A22FA9B24A7}.Debug|Any CPU.Build.0 = Debug|Any CPU
		{BF9831E4-E6B4-4BFE-9023-0A22FA9B24A7}.Release|Any CPU.ActiveCfg = Release|Any CPU
		{BF9831E4-E6B4-4BFE-9023-0A22FA9B24A7}.Release|Any CPU.Build.0 = Release|Any CPU
		{073D7557-86A2-44B7-9EC3-C1CAFFAFB4C7}.Debug|Any CPU.ActiveCfg = Debug|Any CPU
		{073D7557-86A2-44B7-9EC3-C1CAFFAFB4C7}.Debug|Any CPU.Build.0 = Debug|Any CPU
		{073D7557-86A2-44B7-9EC3-C1CAFFAFB4C7}.Release|Any CPU.ActiveCfg = Release|Any CPU
		{073D7557-86A2-44B7-9EC3-C1CAFFAFB4C7}.Release|Any CPU.Build.0 = Release|Any CPU
		{EB3D2EE0-3897-421F-99E6-8FF6CC06B527}.Debug|Any CPU.ActiveCfg = Debug|Any CPU
		{EB3D2EE0-3897-421F-99E6-8FF6CC06B527}.Debug|Any CPU.Build.0 = Debug|Any CPU
		{EB3D2EE0-3897-421F-99E6-8FF6CC06B527}.Release|Any CPU.ActiveCfg = Release|Any CPU
		{EB3D2EE0-3897-421F-99E6-8FF6CC06B527}.Release|Any CPU.Build.0 = Release|Any CPU
	EndGlobalSection
	GlobalSection(SolutionProperties) = preSolution
		HideSolutionNode = FALSE
	EndGlobalSection
	GlobalSection(ExtensibilityGlobals) = postSolution
		SolutionGuid = {3B765964-8F90-43FE-BFD2-5589A6FC9BFE}
	EndGlobalSection
EndGlobal
